
Microsoft Visual Studio Solution File, Format Version 12.00
# Visual Studio 15
VisualStudioVersion = 15.0.26730.12
MinimumVisualStudioVersion = 10.0.40219.1
Project("{FAE04EC0-301F-11D3-BF4B-00C04F79EFBC}") = "TaNewMusic", "TaNewMusic\TaNewMusic.csproj", "{38DCBDB2-383D-4E92-B56E-3FAE4E7C405A}"
EndProject
Project("{2150E333-8FDC-42A3-9474-1A3956D46DE8}") = "TaNewMusic.Common", "TaNewMusic.Common", "{B7F81BDB-817A-4536-8B93-7360612FD69E}"
EndProject
Project("{2150E333-8FDC-42A3-9474-1A3956D46DE8}") = "TaNewMusic.Module", "TaNewMusic.Module", "{F6D86343-F0B9-41CF-A723-E0CCDB216D32}"
EndProject
Project("{FAE04EC0-301F-11D3-BF4B-00C04F79EFBC}") = "Controls", "Controls\Controls.csproj", "{58E65B54-09EE-4A27-B6BE-27BE002C6205}"
EndProject
Project("{FAE04EC0-301F-11D3-BF4B-00C04F79EFBC}") = "Music", "Music\Music.csproj", "{950EDA22-21AE-4F0C-9D09-D17478BE5BBA}"
EndProject
Project("{FAE04EC0-301F-11D3-BF4B-00C04F79EFBC}") = "Community", "Community\Community.csproj", "{6FCE02BD-FD56-481B-9241-0088D9957A5B}"
EndProject
Project("{FAE04EC0-301F-11D3-BF4B-00C04F79EFBC}") = "TaNewMusicTests", "TaNewMusicTests\TaNewMusicTests.csproj", "{40B14EA2-D47C-47B6-8926-E8CD9890D0F0}"
EndProject
Project("{FAE04EC0-301F-11D3-BF4B-00C04F79EFBC}") = "User", "User\User.csproj", "{D5815EC5-E188-4566-BBA1-B71CDE689C69}"
EndProject
Project("{FAE04EC0-301F-11D3-BF4B-00C04F79EFBC}") = "TaNewHelper", "TaNewHelper\TaNewHelper.csproj", "{88403DE8-51B8-4E97-BB44-48BBEA32421A}"
EndProject
Project("{FAE04EC0-301F-11D3-BF4B-00C04F79EFBC}") = "NetMusic", "NetMusic\NetMusic.csproj", "{E473A1B2-C7DA-4E17-9A9F-869E82602426}"
EndProject
Project("{FAE04EC0-301F-11D3-BF4B-00C04F79EFBC}") = "NetMusicTests", "NetMusicTests\NetMusicTests.csproj", "{6AE55DAB-CDED-4FEE-86D6-77ADE0A0AE42}"
EndProject
Project("{FAE04EC0-301F-11D3-BF4B-00C04F79EFBC}") = "CommonTest", "CommonTest\CommonTest.csproj", "{15635D4F-A18C-4E9E-9BEB-88B52B5610D3}"
EndProject
Global
	GlobalSection(SolutionConfigurationPlatforms) = preSolution
		Debug|Any CPU = Debug|Any CPU
		Release|Any CPU = Release|Any CPU
	EndGlobalSection
	GlobalSection(ProjectConfigurationPlatforms) = postSolution
		{38DCBDB2-383D-4E92-B56E-3FAE4E7C405A}.Debug|Any CPU.ActiveCfg = Debug|Any CPU
		{38DCBDB2-383D-4E92-B56E-3FAE4E7C405A}.Debug|Any CPU.Build.0 = Debug|Any CPU
		{38DCBDB2-383D-4E92-B56E-3FAE4E7C405A}.Release|Any CPU.ActiveCfg = Release|Any CPU
		{38DCBDB2-383D-4E92-B56E-3FAE4E7C405A}.Release|Any CPU.Build.0 = Release|Any CPU
		{58E65B54-09EE-4A27-B6BE-27BE002C6205}.Debug|Any CPU.ActiveCfg = Debug|Any CPU
		{58E65B54-09EE-4A27-B6BE-27BE002C6205}.Debug|Any CPU.Build.0 = Debug|Any CPU
		{58E65B54-09EE-4A27-B6BE-27BE002C6205}.Release|Any CPU.ActiveCfg = Release|Any CPU
		{58E65B54-09EE-4A27-B6BE-27BE002C6205}.Release|Any CPU.Build.0 = Release|Any CPU
		{950EDA22-21AE-4F0C-9D09-D17478BE5BBA}.Debug|Any CPU.ActiveCfg = Debug|Any CPU
		{950EDA22-21AE-4F0C-9D09-D17478BE5BBA}.Debug|Any CPU.Build.0 = Debug|Any CPU
		{950EDA22-21AE-4F0C-9D09-D17478BE5BBA}.Release|Any CPU.ActiveCfg = Release|Any CPU
		{950EDA22-21AE-4F0C-9D09-D17478BE5BBA}.Release|Any CPU.Build.0 = Release|Any CPU
		{6FCE02BD-FD56-481B-9241-0088D9957A5B}.Debug|Any CPU.ActiveCfg = Debug|Any CPU
		{6FCE02BD-FD56-481B-9241-0088D9957A5B}.Debug|Any CPU.Build.0 = Debug|Any CPU
		{6FCE02BD-FD56-481B-9241-0088D9957A5B}.Release|Any CPU.ActiveCfg = Release|Any CPU
		{6FCE02BD-FD56-481B-9241-0088D9957A5B}.Release|Any CPU.Build.0 = Release|Any CPU
		{40B14EA2-D47C-47B6-8926-E8CD9890D0F0}.Debug|Any CPU.ActiveCfg = Debug|Any CPU
		{40B14EA2-D47C-47B6-8926-E8CD9890D0F0}.Debug|Any CPU.Build.0 = Debug|Any CPU
		{40B14EA2-D47C-47B6-8926-E8CD9890D0F0}.Release|Any CPU.ActiveCfg = Release|Any CPU
		{40B14EA2-D47C-47B6-8926-E8CD9890D0F0}.Release|Any CPU.Build.0 = Release|Any CPU
		{D5815EC5-E188-4566-BBA1-B71CDE689C69}.Debug|Any CPU.ActiveCfg = Debug|Any CPU
		{D5815EC5-E188-4566-BBA1-B71CDE689C69}.Debug|Any CPU.Build.0 = Debug|Any CPU
		{D5815EC5-E188-4566-BBA1-B71CDE689C69}.Release|Any CPU.ActiveCfg = Release|Any CPU
		{D5815EC5-E188-4566-BBA1-B71CDE689C69}.Release|Any CPU.Build.0 = Release|Any CPU
		{88403DE8-51B8-4E97-BB44-48BBEA32421A}.Debug|Any CPU.ActiveCfg = Debug|Any CPU
		{88403DE8-51B8-4E97-BB44-48BBEA32421A}.Debug|Any CPU.Build.0 = Debug|Any CPU
		{88403DE8-51B8-4E97-BB44-48BBEA32421A}.Release|Any CPU.ActiveCfg = Release|Any CPU
		{88403DE8-51B8-4E97-BB44-48BBEA32421A}.Release|Any CPU.Build.0 = Release|Any CPU
		{E473A1B2-C7DA-4E17-9A9F-869E82602426}.Debug|Any CPU.ActiveCfg = Debug|Any CPU
		{E473A1B2-C7DA-4E17-9A9F-869E82602426}.Debug|Any CPU.Build.0 = Debug|Any CPU
		{E473A1B2-C7DA-4E17-9A9F-869E82602426}.Release|Any CPU.ActiveCfg = Release|Any CPU
		{E473A1B2-C7DA-4E17-9A9F-869E82602426}.Release|Any CPU.Build.0 = Release|Any CPU
		{6AE55DAB-CDED-4FEE-86D6-77ADE0A0AE42}.Debug|Any CPU.ActiveCfg = Debug|Any CPU
		{6AE55DAB-CDED-4FEE-86D6-77ADE0A0AE42}.Debug|Any CPU.Build.0 = Debug|Any CPU
		{6AE55DAB-CDED-4FEE-86D6-77ADE0A0AE42}.Release|Any CPU.ActiveCfg = Release|Any CPU
		{6AE55DAB-CDED-4FEE-86D6-77ADE0A0AE42}.Release|Any CPU.Build.0 = Release|Any CPU
		{15635D4F-A18C-4E9E-9BEB-88B52B5610D3}.Debug|Any CPU.ActiveCfg = Debug|Any CPU
		{15635D4F-A18C-4E9E-9BEB-88B52B5610D3}.Debug|Any CPU.Build.0 = Debug|Any CPU
		{15635D4F-A18C-4E9E-9BEB-88B52B5610D3}.Release|Any CPU.ActiveCfg = Release|Any CPU
		{15635D4F-A18C-4E9E-9BEB-88B52B5610D3}.Release|Any CPU.Build.0 = Release|Any CPU
	EndGlobalSection
	GlobalSection(SolutionProperties) = preSolution
		HideSolutionNode = FALSE
	EndGlobalSection
	GlobalSection(NestedProjects) = preSolution
		{58E65B54-09EE-4A27-B6BE-27BE002C6205} = {B7F81BDB-817A-4536-8B93-7360612FD69E}
		{950EDA22-21AE-4F0C-9D09-D17478BE5BBA} = {F6D86343-F0B9-41CF-A723-E0CCDB216D32}
		{6FCE02BD-FD56-481B-9241-0088D9957A5B} = {F6D86343-F0B9-41CF-A723-E0CCDB216D32}
		{D5815EC5-E188-4566-BBA1-B71CDE689C69} = {F6D86343-F0B9-41CF-A723-E0CCDB216D32}
		{88403DE8-51B8-4E97-BB44-48BBEA32421A} = {B7F81BDB-817A-4536-8B93-7360612FD69E}
		{E473A1B2-C7DA-4E17-9A9F-869E82602426} = {B7F81BDB-817A-4536-8B93-7360612FD69E}
		{15635D4F-A18C-4E9E-9BEB-88B52B5610D3} = {B7F81BDB-817A-4536-8B93-7360612FD69E}
	EndGlobalSection
	GlobalSection(ExtensibilityGlobals) = postSolution
		SolutionGuid = {EEDD845A-C041-4A65-8522-358F66292A74}
	EndGlobalSection
EndGlobal
